// !$*UTF8*$!
{
	archiveVersion = 1;
	classes = {
	};
	objectVersion = 46;
	objects = {

/* Begin PBXBuildFile section */
		CC21C1871C75545700F8368E /* QYSearchBar.m in Sources */ = {isa = PBXBuildFile; fileRef = CC21C1861C75545700F8368E /* QYSearchBar.m */; };
		CC21C1D61C75C97200F8368E /* QYDropdownMenu.m in Sources */ = {isa = PBXBuildFile; fileRef = CC21C1D51C75C97200F8368E /* QYDropdownMenu.m */; };
		CC21C1D91C75FC3100F8368E /* QYTitleMenuViewController.m in Sources */ = {isa = PBXBuildFile; fileRef = CC21C1D81C75FC3100F8368E /* QYTitleMenuViewController.m */; };
		CC3841111C7491D400C396F8 /* QYItemTool.m in Sources */ = {isa = PBXBuildFile; fileRef = CC3841101C7491D400C396F8 /* QYItemTool.m */; };
		CC3841161C7497D800C396F8 /* UIBarButtonItem+Extension.m in Sources */ = {isa = PBXBuildFile; fileRef = CC3841151C7497D800C396F8 /* UIBarButtonItem+Extension.m */; };
		CC52685E1C781370000285D8 /* QYNewFeatureViewController.m in Sources */ = {isa = PBXBuildFile; fileRef = CC52685D1C781370000285D8 /* QYNewFeatureViewController.m */; };
		CC63AA1D1C54930400F839C1 /* QYTabbarVIewController.m in Sources */ = {isa = PBXBuildFile; fileRef = CC63AA1C1C54930400F839C1 /* QYTabbarVIewController.m */; };
		CC63AA2C1C54950B00F839C1 /* QYHomeViewController.m in Sources */ = {isa = PBXBuildFile; fileRef = CC63AA2B1C54950B00F839C1 /* QYHomeViewController.m */; };
		CC63AA2F1C54952200F839C1 /* QYMessageViewController.m in Sources */ = {isa = PBXBuildFile; fileRef = CC63AA2E1C54952200F839C1 /* QYMessageViewController.m */; };
		CC63AA321C54952F00F839C1 /* QYMoerViewController.m in Sources */ = {isa = PBXBuildFile; fileRef = CC63AA311C54952F00F839C1 /* QYMoerViewController.m */; };
		CC63AA351C54953D00F839C1 /* QYFindViewController.m in Sources */ = {isa = PBXBuildFile; fileRef = CC63AA341C54953D00F839C1 /* QYFindViewController.m */; };
		CC63AA381C5495A500F839C1 /* QYSettingViewController.m in Sources */ = {isa = PBXBuildFile; fileRef = CC63AA371C5495A500F839C1 /* QYSettingViewController.m */; };
		CC63AA3C1C54B6DC00F839C1 /* UIView+Extension.m in Sources */ = {isa = PBXBuildFile; fileRef = CC63AA3B1C54B6DC00F839C1 /* UIView+Extension.m */; };
		CC63AA3F1C54C1E800F839C1 /* QYNavcontroller.m in Sources */ = {isa = PBXBuildFile; fileRef = CC63AA3E1C54C1E800F839C1 /* QYNavcontroller.m */; };
		CC63AA431C54C32100F839C1 /* QYTese1ViewController.m in Sources */ = {isa = PBXBuildFile; fileRef = CC63AA411C54C32100F839C1 /* QYTese1ViewController.m */; };
		CC63AA441C54C32100F839C1 /* QYTese1ViewController.xib in Resources */ = {isa = PBXBuildFile; fileRef = CC63AA421C54C32100F839C1 /* QYTese1ViewController.xib */; };
		CC63AA481C54C48B00F839C1 /* QYTest2ViewController.m in Sources */ = {isa = PBXBuildFile; fileRef = CC63AA461C54C48B00F839C1 /* QYTest2ViewController.m */; };
		CC63AA491C54C48B00F839C1 /* QYTest2ViewController.xib in Resources */ = {isa = PBXBuildFile; fileRef = CC63AA471C54C48B00F839C1 /* QYTest2ViewController.xib */; };
		CC63AA4D1C54C49A00F839C1 /* QYTest3ViewController.m in Sources */ = {isa = PBXBuildFile; fileRef = CC63AA4B1C54C49A00F839C1 /* QYTest3ViewController.m */; };
		CC63AA4E1C54C49A00F839C1 /* QYTest3ViewController.xib in Resources */ = {isa = PBXBuildFile; fileRef = CC63AA4C1C54C49A00F839C1 /* QYTest3ViewController.xib */; };
		CC8BECFC1C76A79D0059AC1B /* QYTabBar.m in Sources */ = {isa = PBXBuildFile; fileRef = CC8BECFB1C76A79D0059AC1B /* QYTabBar.m */; };
		CC9495BA1C79EB83009FBBB9 /* QYOAuthViewController.m in Sources */ = {isa = PBXBuildFile; fileRef = CC9495B91C79EB83009FBBB9 /* QYOAuthViewController.m */; };
		CC9495CF1C79FAE7009FBBB9 /* AFHTTPSessionManager.m in Sources */ = {isa = PBXBuildFile; fileRef = CC9495C31C79FAE7009FBBB9 /* AFHTTPSessionManager.m */; };
		CC9495D01C79FAE7009FBBB9 /* AFNetworkReachabilityManager.m in Sources */ = {isa = PBXBuildFile; fileRef = CC9495C61C79FAE7009FBBB9 /* AFNetworkReachabilityManager.m */; };
		CC9495D11C79FAE7009FBBB9 /* AFSecurityPolicy.m in Sources */ = {isa = PBXBuildFile; fileRef = CC9495C81C79FAE7009FBBB9 /* AFSecurityPolicy.m */; };
		CC9495D21C79FAE7009FBBB9 /* AFURLRequestSerialization.m in Sources */ = {isa = PBXBuildFile; fileRef = CC9495CA1C79FAE7009FBBB9 /* AFURLRequestSerialization.m */; };
		CC9495D31C79FAE7009FBBB9 /* AFURLResponseSerialization.m in Sources */ = {isa = PBXBuildFile; fileRef = CC9495CC1C79FAE7009FBBB9 /* AFURLResponseSerialization.m */; };
		CC9495D41C79FAE7009FBBB9 /* AFURLSessionManager.m in Sources */ = {isa = PBXBuildFile; fileRef = CC9495CE1C79FAE7009FBBB9 /* AFURLSessionManager.m */; };
		CCFC5C501C53A16300993E6D /* main.m in Sources */ = {isa = PBXBuildFile; fileRef = CCFC5C4F1C53A16300993E6D /* main.m */; };
		CCFC5C531C53A16300993E6D /* AppDelegate.m in Sources */ = {isa = PBXBuildFile; fileRef = CCFC5C521C53A16300993E6D /* AppDelegate.m */; };
		CCFC5C561C53A16300993E6D /* ViewController.m in Sources */ = {isa = PBXBuildFile; fileRef = CCFC5C551C53A16300993E6D /* ViewController.m */; };
		CCFC5C591C53A16300993E6D /* Main.storyboard in Resources */ = {isa = PBXBuildFile; fileRef = CCFC5C571C53A16300993E6D /* Main.storyboard */; };
		CCFC5C5B1C53A16300993E6D /* Assets.xcassets in Resources */ = {isa = PBXBuildFile; fileRef = CCFC5C5A1C53A16300993E6D /* Assets.xcassets */; };
		CCFC5C5E1C53A16300993E6D /* LaunchScreen.storyboard in Resources */ = {isa = PBXBuildFile; fileRef = CCFC5C5C1C53A16300993E6D /* LaunchScreen.storyboard */; };
		CCFC5C691C53A16300993E6D /* CopyWeiboTests.m in Sources */ = {isa = PBXBuildFile; fileRef = CCFC5C681C53A16300993E6D /* CopyWeiboTests.m */; };
		CCFC5C741C53A16300993E6D /* CopyWeiboUITests.m in Sources */ = {isa = PBXBuildFile; fileRef = CCFC5C731C53A16300993E6D /* CopyWeiboUITests.m */; };
		CCFC5C951C53ACEF00993E6D /* tabbar_compose_icon_add@2x.png in Resources */ = {isa = PBXBuildFile; fileRef = CCFC5C831C53ACEF00993E6D /* tabbar_compose_icon_add@2x.png */; };
		CCFC5C961C53ACEF00993E6D /* tabbar_compose_icon_add@3x.png in Resources */ = {isa = PBXBuildFile; fileRef = CCFC5C841C53ACEF00993E6D /* tabbar_compose_icon_add@3x.png */; };
		CCFC5C971C53ACEF00993E6D /* tabbar_discover.png in Resources */ = {isa = PBXBuildFile; fileRef = CCFC5C851C53ACEF00993E6D /* tabbar_discover.png */; };
		CCFC5C981C53ACEF00993E6D /* tabbar_discover@2x.png in Resources */ = {isa = PBXBuildFile; fileRef = CCFC5C861C53ACEF00993E6D /* tabbar_discover@2x.png */; };
		CCFC5C991C53ACEF00993E6D /* tabbar_discover_selected.png in Resources */ = {isa = PBXBuildFile; fileRef = CCFC5C871C53ACEF00993E6D /* tabbar_discover_selected.png */; };
		CCFC5C9A1C53ACEF00993E6D /* tabbar_discover_selected@2x.png in Resources */ = {isa = PBXBuildFile; fileRef = CCFC5C881C53ACEF00993E6D /* tabbar_discover_selected@2x.png */; };
		CCFC5C9B1C53ACEF00993E6D /* tabbar_home.png in Resources */ = {isa = PBXBuildFile; fileRef = CCFC5C891C53ACEF00993E6D /* tabbar_home.png */; };
		CCFC5C9C1C53ACEF00993E6D /* tabbar_home@2x.png in Resources */ = {isa = PBXBuildFile; fileRef = CCFC5C8A1C53ACEF00993E6D /* tabbar_home@2x.png */; };
		CCFC5C9D1C53ACEF00993E6D /* tabbar_home_selected.png in Resources */ = {isa = PBXBuildFile; fileRef = CCFC5C8B1C53ACEF00993E6D /* tabbar_home_selected.png */; };
		CCFC5C9E1C53ACEF00993E6D /* tabbar_home_selected@2x.png in Resources */ = {isa = PBXBuildFile; fileRef = CCFC5C8C1C53ACEF00993E6D /* tabbar_home_selected@2x.png */; };
		CCFC5C9F1C53ACEF00993E6D /* tabbar_message_center.png in Resources */ = {isa = PBXBuildFile; fileRef = CCFC5C8D1C53ACEF00993E6D /* tabbar_message_center.png */; };
		CCFC5CA01C53ACEF00993E6D /* tabbar_message_center@2x.png in Resources */ = {isa = PBXBuildFile; fileRef = CCFC5C8E1C53ACEF00993E6D /* tabbar_message_center@2x.png */; };
		CCFC5CA11C53ACEF00993E6D /* tabbar_message_center_highlighted.png in Resources */ = {isa = PBXBuildFile; fileRef = CCFC5C8F1C53ACEF00993E6D /* tabbar_message_center_highlighted.png */; };
		CCFC5CA21C53ACEF00993E6D /* tabbar_message_center_selected@2x.png in Resources */ = {isa = PBXBuildFile; fileRef = CCFC5C901C53ACEF00993E6D /* tabbar_message_center_selected@2x.png */; };
		CCFC5CA31C53ACEF00993E6D /* tabbar_profile.png in Resources */ = {isa = PBXBuildFile; fileRef = CCFC5C911C53ACEF00993E6D /* tabbar_profile.png */; };
		CCFC5CA41C53ACEF00993E6D /* tabbar_profile@2x.png in Resources */ = {isa = PBXBuildFile; fileRef = CCFC5C921C53ACEF00993E6D /* tabbar_profile@2x.png */; };
		CCFC5CA51C53ACEF00993E6D /* tabbar_profile_selected.png in Resources */ = {isa = PBXBuildFile; fileRef = CCFC5C931C53ACEF00993E6D /* tabbar_profile_selected.png */; };
		CCFC5CA61C53ACEF00993E6D /* tabbar_profile_selected@2x.png in Resources */ = {isa = PBXBuildFile; fileRef = CCFC5C941C53ACEF00993E6D /* tabbar_profile_selected@2x.png */; };
/* End PBXBuildFile section */

/* Begin PBXContainerItemProxy section */
		CCFC5C651C53A16300993E6D /* PBXContainerItemProxy */ = {
			isa = PBXContainerItemProxy;
			containerPortal = CCFC5C431C53A16300993E6D /* Project object */;
			proxyType = 1;
			remoteGlobalIDString = CCFC5C4A1C53A16300993E6D;
			remoteInfo = CopyWeibo;
		};
		CCFC5C701C53A16300993E6D /* PBXContainerItemProxy */ = {
			isa = PBXContainerItemProxy;
			containerPortal = CCFC5C431C53A16300993E6D /* Project object */;
			proxyType = 1;
			remoteGlobalIDString = CCFC5C4A1C53A16300993E6D;
			remoteInfo = CopyWeibo;
		};
/* End PBXContainerItemProxy section */

/* Begin PBXFileReference section */
		CC21C1851C75545700F8368E /* QYSearchBar.h */ = {isa = PBXFileReference; fileEncoding = 4; lastKnownFileType = sourcecode.c.h; path = QYSearchBar.h; sourceTree = "<group>"; };
		CC21C1861C75545700F8368E /* QYSearchBar.m */ = {isa = PBXFileReference; fileEncoding = 4; lastKnownFileType = sourcecode.c.objc; path = QYSearchBar.m; sourceTree = "<group>"; };
		CC21C1D41C75C97200F8368E /* QYDropdownMenu.h */ = {isa = PBXFileReference; fileEncoding = 4; lastKnownFileType = sourcecode.c.h; path = QYDropdownMenu.h; sourceTree = "<group>"; };
		CC21C1D51C75C97200F8368E /* QYDropdownMenu.m */ = {isa = PBXFileReference; fileEncoding = 4; lastKnownFileType = sourcecode.c.objc; path = QYDropdownMenu.m; sourceTree = "<group>"; };
		CC21C1D71C75FC3100F8368E /* QYTitleMenuViewController.h */ = {isa = PBXFileReference; fileEncoding = 4; lastKnownFileType = sourcecode.c.h; path = QYTitleMenuViewController.h; sourceTree = "<group>"; };
		CC21C1D81C75FC3100F8368E /* QYTitleMenuViewController.m */ = {isa = PBXFileReference; fileEncoding = 4; lastKnownFileType = sourcecode.c.objc; path = QYTitleMenuViewController.m; sourceTree = "<group>"; };
		CC38410F1C7491D400C396F8 /* QYItemTool.h */ = {isa = PBXFileReference; fileEncoding = 4; lastKnownFileType = sourcecode.c.h; path = QYItemTool.h; sourceTree = "<group>"; };
		CC3841101C7491D400C396F8 /* QYItemTool.m */ = {isa = PBXFileReference; fileEncoding = 4; lastKnownFileType = sourcecode.c.objc; path = QYItemTool.m; sourceTree = "<group>"; };
		CC3841141C7497D800C396F8 /* UIBarButtonItem+Extension.h */ = {isa = PBXFileReference; fileEncoding = 4; lastKnownFileType = sourcecode.c.h; path = "UIBarButtonItem+Extension.h"; sourceTree = "<group>"; };
		CC3841151C7497D800C396F8 /* UIBarButtonItem+Extension.m */ = {isa = PBXFileReference; fileEncoding = 4; lastKnownFileType = sourcecode.c.objc; path = "UIBarButtonItem+Extension.m"; sourceTree = "<group>"; };
		CC3841181C749B4E00C396F8 /* pchFile.pch */ = {isa = PBXFileReference; lastKnownFileType = sourcecode.c.h; path = pchFile.pch; sourceTree = "<group>"; };
		CC52685C1C781370000285D8 /* QYNewFeatureViewController.h */ = {isa = PBXFileReference; fileEncoding = 4; lastKnownFileType = sourcecode.c.h; path = QYNewFeatureViewController.h; sourceTree = "<group>"; };
		CC52685D1C781370000285D8 /* QYNewFeatureViewController.m */ = {isa = PBXFileReference; fileEncoding = 4; lastKnownFileType = sourcecode.c.objc; path = QYNewFeatureViewController.m; sourceTree = "<group>"; };
		CC63AA1B1C54930400F839C1 /* QYTabbarVIewController.h */ = {isa = PBXFileReference; fileEncoding = 4; lastKnownFileType = sourcecode.c.h; path = QYTabbarVIewController.h; sourceTree = "<group>"; };
		CC63AA1C1C54930400F839C1 /* QYTabbarVIewController.m */ = {isa = PBXFileReference; fileEncoding = 4; lastKnownFileType = sourcecode.c.objc; path = QYTabbarVIewController.m; sourceTree = "<group>"; };
		CC63AA2A1C54950B00F839C1 /* QYHomeViewController.h */ = {isa = PBXFileReference; fileEncoding = 4; lastKnownFileType = sourcecode.c.h; path = QYHomeViewController.h; sourceTree = "<group>"; };
		CC63AA2B1C54950B00F839C1 /* QYHomeViewController.m */ = {isa = PBXFileReference; fileEncoding = 4; lastKnownFileType = sourcecode.c.objc; path = QYHomeViewController.m; sourceTree = "<group>"; };
		CC63AA2D1C54952200F839C1 /* QYMessageViewController.h */ = {isa = PBXFileReference; fileEncoding = 4; lastKnownFileType = sourcecode.c.h; path = QYMessageViewController.h; sourceTree = "<group>"; };
		CC63AA2E1C54952200F839C1 /* QYMessageViewController.m */ = {isa = PBXFileReference; fileEncoding = 4; lastKnownFileType = sourcecode.c.objc; path = QYMessageViewController.m; sourceTree = "<group>"; };
		CC63AA301C54952F00F839C1 /* QYMoerViewController.h */ = {isa = PBXFileReference; fileEncoding = 4; lastKnownFileType = sourcecode.c.h; path = QYMoerViewController.h; sourceTree = "<group>"; };
		CC63AA311C54952F00F839C1 /* QYMoerViewController.m */ = {isa = PBXFileReference; fileEncoding = 4; lastKnownFileType = sourcecode.c.objc; path = QYMoerViewController.m; sourceTree = "<group>"; };
		CC63AA331C54953D00F839C1 /* QYFindViewController.h */ = {isa = PBXFileReference; fileEncoding = 4; lastKnownFileType = sourcecode.c.h; path = QYFindViewController.h; sourceTree = "<group>"; };
		CC63AA341C54953D00F839C1 /* QYFindViewController.m */ = {isa = PBXFileReference; fileEncoding = 4; lastKnownFileType = sourcecode.c.objc; path = QYFindViewController.m; sourceTree = "<group>"; };
		CC63AA361C5495A500F839C1 /* QYSettingViewController.h */ = {isa = PBXFileReference; fileEncoding = 4; lastKnownFileType = sourcecode.c.h; path = QYSettingViewController.h; sourceTree = "<group>"; };
		CC63AA371C5495A500F839C1 /* QYSettingViewController.m */ = {isa = PBXFileReference; fileEncoding = 4; lastKnownFileType = sourcecode.c.objc; path = QYSettingViewController.m; sourceTree = "<group>"; };
		CC63AA3A1C54B6DC00F839C1 /* UIView+Extension.h */ = {isa = PBXFileReference; fileEncoding = 4; lastKnownFileType = sourcecode.c.h; path = "UIView+Extension.h"; sourceTree = "<group>"; };
		CC63AA3B1C54B6DC00F839C1 /* UIView+Extension.m */ = {isa = PBXFileReference; fileEncoding = 4; lastKnownFileType = sourcecode.c.objc; path = "UIView+Extension.m"; sourceTree = "<group>"; };
		CC63AA3D1C54C1E800F839C1 /* QYNavcontroller.h */ = {isa = PBXFileReference; fileEncoding = 4; lastKnownFileType = sourcecode.c.h; path = QYNavcontroller.h; sourceTree = "<group>"; };
		CC63AA3E1C54C1E800F839C1 /* QYNavcontroller.m */ = {isa = PBXFileReference; fileEncoding = 4; lastKnownFileType = sourcecode.c.objc; path = QYNavcontroller.m; sourceTree = "<group>"; };
		CC63AA401C54C32100F839C1 /* QYTese1ViewController.h */ = {isa = PBXFileReference; fileEncoding = 4; lastKnownFileType = sourcecode.c.h; path = QYTese1ViewController.h; sourceTree = "<group>"; };
		CC63AA411C54C32100F839C1 /* QYTese1ViewController.m */ = {isa = PBXFileReference; fileEncoding = 4; lastKnownFileType = sourcecode.c.objc; path = QYTese1ViewController.m; sourceTree = "<group>"; };
		CC63AA421C54C32100F839C1 /* QYTese1ViewController.xib */ = {isa = PBXFileReference; fileEncoding = 4; lastKnownFileType = file.xib; path = QYTese1ViewController.xib; sourceTree = "<group>"; };
		CC63AA451C54C48B00F839C1 /* QYTest2ViewController.h */ = {isa = PBXFileReference; fileEncoding = 4; lastKnownFileType = sourcecode.c.h; path = QYTest2ViewController.h; sourceTree = "<group>"; };
		CC63AA461C54C48B00F839C1 /* QYTest2ViewController.m */ = {isa = PBXFileReference; fileEncoding = 4; lastKnownFileType = sourcecode.c.objc; path = QYTest2ViewController.m; sourceTree = "<group>"; };
		CC63AA471C54C48B00F839C1 /* QYTest2ViewController.xib */ = {isa = PBXFileReference; fileEncoding = 4; lastKnownFileType = file.xib; path = QYTest2ViewController.xib; sourceTree = "<group>"; };
		CC63AA4A1C54C49A00F839C1 /* QYTest3ViewController.h */ = {isa = PBXFileReference; fileEncoding = 4; lastKnownFileType = sourcecode.c.h; path = QYTest3ViewController.h; sourceTree = "<group>"; };
		CC63AA4B1C54C49A00F839C1 /* QYTest3ViewController.m */ = {isa = PBXFileReference; fileEncoding = 4; lastKnownFileType = sourcecode.c.objc; path = QYTest3ViewController.m; sourceTree = "<group>"; };
		CC63AA4C1C54C49A00F839C1 /* QYTest3ViewController.xib */ = {isa = PBXFileReference; fileEncoding = 4; lastKnownFileType = file.xib; path = QYTest3ViewController.xib; sourceTree = "<group>"; };
		CC8BECFA1C76A79D0059AC1B /* QYTabBar.h */ = {isa = PBXFileReference; fileEncoding = 4; lastKnownFileType = sourcecode.c.h; path = QYTabBar.h; sourceTree = "<group>"; };
		CC8BECFB1C76A79D0059AC1B /* QYTabBar.m */ = {isa = PBXFileReference; fileEncoding = 4; lastKnownFileType = sourcecode.c.objc; path = QYTabBar.m; sourceTree = "<group>"; };
		CC9495B81C79EB83009FBBB9 /* QYOAuthViewController.h */ = {isa = PBXFileReference; fileEncoding = 4; lastKnownFileType = sourcecode.c.h; path = QYOAuthViewController.h; sourceTree = "<group>"; };
		CC9495B91C79EB83009FBBB9 /* QYOAuthViewController.m */ = {isa = PBXFileReference; fileEncoding = 4; lastKnownFileType = sourcecode.c.objc; path = QYOAuthViewController.m; sourceTree = "<group>"; };
		CC9495C21C79FAE7009FBBB9 /* AFHTTPSessionManager.h */ = {isa = PBXFileReference; fileEncoding = 4; lastKnownFileType = sourcecode.c.h; path = AFHTTPSessionManager.h; sourceTree = "<group>"; };
		CC9495C31C79FAE7009FBBB9 /* AFHTTPSessionManager.m */ = {isa = PBXFileReference; fileEncoding = 4; lastKnownFileType = sourcecode.c.objc; path = AFHTTPSessionManager.m; sourceTree = "<group>"; };
		CC9495C41C79FAE7009FBBB9 /* AFNetworking.h */ = {isa = PBXFileReference; fileEncoding = 4; lastKnownFileType = sourcecode.c.h; path = AFNetworking.h; sourceTree = "<group>"; };
		CC9495C51C79FAE7009FBBB9 /* AFNetworkReachabilityManager.h */ = {isa = PBXFileReference; fileEncoding = 4; lastKnownFileType = sourcecode.c.h; path = AFNetworkReachabilityManager.h; sourceTree = "<group>"; };
		CC9495C61C79FAE7009FBBB9 /* AFNetworkReachabilityManager.m */ = {isa = PBXFileReference; fileEncoding = 4; lastKnownFileType = sourcecode.c.objc; path = AFNetworkReachabilityManager.m; sourceTree = "<group>"; };
		CC9495C71C79FAE7009FBBB9 /* AFSecurityPolicy.h */ = {isa = PBXFileReference; fileEncoding = 4; lastKnownFileType = sourcecode.c.h; path = AFSecurityPolicy.h; sourceTree = "<group>"; };
		CC9495C81C79FAE7009FBBB9 /* AFSecurityPolicy.m */ = {isa = PBXFileReference; fileEncoding = 4; lastKnownFileType = sourcecode.c.objc; path = AFSecurityPolicy.m; sourceTree = "<group>"; };
		CC9495C91C79FAE7009FBBB9 /* AFURLRequestSerialization.h */ = {isa = PBXFileReference; fileEncoding = 4; lastKnownFileType = sourcecode.c.h; path = AFURLRequestSerialization.h; sourceTree = "<group>"; };
		CC9495CA1C79FAE7009FBBB9 /* AFURLRequestSerialization.m */ = {isa = PBXFileReference; fileEncoding = 4; lastKnownFileType = sourcecode.c.objc; path = AFURLRequestSerialization.m; sourceTree = "<group>"; };
		CC9495CB1C79FAE7009FBBB9 /* AFURLResponseSerialization.h */ = {isa = PBXFileReference; fileEncoding = 4; lastKnownFileType = sourcecode.c.h; path = AFURLResponseSerialization.h; sourceTree = "<group>"; };
		CC9495CC1C79FAE7009FBBB9 /* AFURLResponseSerialization.m */ = {isa = PBXFileReference; fileEncoding = 4; lastKnownFileType = sourcecode.c.objc; path = AFURLResponseSerialization.m; sourceTree = "<group>"; };
		CC9495CD1C79FAE7009FBBB9 /* AFURLSessionManager.h */ = {isa = PBXFileReference; fileEncoding = 4; lastKnownFileType = sourcecode.c.h; path = AFURLSessionManager.h; sourceTree = "<group>"; };
		CC9495CE1C79FAE7009FBBB9 /* AFURLSessionManager.m */ = {isa = PBXFileReference; fileEncoding = 4; lastKnownFileType = sourcecode.c.objc; path = AFURLSessionManager.m; sourceTree = "<group>"; };
		CCFC5C4B1C53A16300993E6D /* CopyWeibo.app */ = {isa = PBXFileReference; explicitFileType = wrapper.application; includeInIndex = 0; path = CopyWeibo.app; sourceTree = BUILT_PRODUCTS_DIR; };
		CCFC5C4F1C53A16300993E6D /* main.m */ = {isa = PBXFileReference; lastKnownFileType = sourcecode.c.objc; path = main.m; sourceTree = "<group>"; };
		CCFC5C511C53A16300993E6D /* AppDelegate.h */ = {isa = PBXFileReference; lastKnownFileType = sourcecode.c.h; path = AppDelegate.h; sourceTree = "<group>"; };
		CCFC5C521C53A16300993E6D /* AppDelegate.m */ = {isa = PBXFileReference; lastKnownFileType = sourcecode.c.objc; path = AppDelegate.m; sourceTree = "<group>"; };
		CCFC5C541C53A16300993E6D /* ViewController.h */ = {isa = PBXFileReference; lastKnownFileType = sourcecode.c.h; path = ViewController.h; sourceTree = "<group>"; };
		CCFC5C551C53A16300993E6D /* ViewController.m */ = {isa = PBXFileReference; lastKnownFileType = sourcecode.c.objc; path = ViewController.m; sourceTree = "<group>"; };
		CCFC5C581C53A16300993E6D /* Base */ = {isa = PBXFileReference; lastKnownFileType = file.storyboard; name = Base; path = Base.lproj/Main.storyboard; sourceTree = "<group>"; };
		CCFC5C5A1C53A16300993E6D /* Assets.xcassets */ = {isa = PBXFileReference; lastKnownFileType = folder.assetcatalog; path = Assets.xcassets; sourceTree = "<group>"; };
		CCFC5C5D1C53A16300993E6D /* Base */ = {isa = PBXFileReference; lastKnownFileType = file.storyboard; name = Base; path = Base.lproj/LaunchScreen.storyboard; sourceTree = "<group>"; };
		CCFC5C5F1C53A16300993E6D /* Info.plist */ = {isa = PBXFileReference; lastKnownFileType = text.plist.xml; path = Info.plist; sourceTree = "<group>"; };
		CCFC5C641C53A16300993E6D /* CopyWeiboTests.xctest */ = {isa = PBXFileReference; explicitFileType = wrapper.cfbundle; includeInIndex = 0; path = CopyWeiboTests.xctest; sourceTree = BUILT_PRODUCTS_DIR; };
		CCFC5C681C53A16300993E6D /* CopyWeiboTests.m */ = {isa = PBXFileReference; lastKnownFileType = sourcecode.c.objc; path = CopyWeiboTests.m; sourceTree = "<group>"; };
		CCFC5C6A1C53A16300993E6D /* Info.plist */ = {isa = PBXFileReference; lastKnownFileType = text.plist.xml; path = Info.plist; sourceTree = "<group>"; };
		CCFC5C6F1C53A16300993E6D /* CopyWeiboUITests.xctest */ = {isa = PBXFileReference; explicitFileType = wrapper.cfbundle; includeInIndex = 0; path = CopyWeiboUITests.xctest; sourceTree = BUILT_PRODUCTS_DIR; };
		CCFC5C731C53A16300993E6D /* CopyWeiboUITests.m */ = {isa = PBXFileReference; lastKnownFileType = sourcecode.c.objc; path = CopyWeiboUITests.m; sourceTree = "<group>"; };
		CCFC5C751C53A16300993E6D /* Info.plist */ = {isa = PBXFileReference; lastKnownFileType = text.plist.xml; path = Info.plist; sourceTree = "<group>"; };
		CCFC5C811C53A98700993E6D /* Common.h */ = {isa = PBXFileReference; lastKnownFileType = sourcecode.c.h; path = Common.h; sourceTree = "<group>"; };
		CCFC5C831C53ACEF00993E6D /* tabbar_compose_icon_add@2x.png */ = {isa = PBXFileReference; lastKnownFileType = image.png; path = "tabbar_compose_icon_add@2x.png"; sourceTree = "<group>"; };
		CCFC5C841C53ACEF00993E6D /* tabbar_compose_icon_add@3x.png */ = {isa = PBXFileReference; lastKnownFileType = image.png; path = "tabbar_compose_icon_add@3x.png"; sourceTree = "<group>"; };
		CCFC5C851C53ACEF00993E6D /* tabbar_discover.png */ = {isa = PBXFileReference; lastKnownFileType = image.png; path = tabbar_discover.png; sourceTree = "<group>"; };
		CCFC5C861C53ACEF00993E6D /* tabbar_discover@2x.png */ = {isa = PBXFileReference; lastKnownFileType = image.png; path = "tabbar_discover@2x.png"; sourceTree = "<group>"; };
		CCFC5C871C53ACEF00993E6D /* tabbar_discover_selected.png */ = {isa = PBXFileReference; lastKnownFileType = image.png; path = tabbar_discover_selected.png; sourceTree = "<group>"; };
		CCFC5C881C53ACEF00993E6D /* tabbar_discover_selected@2x.png */ = {isa = PBXFileReference; lastKnownFileType = image.png; path = "tabbar_discover_selected@2x.png"; sourceTree = "<group>"; };
		CCFC5C891C53ACEF00993E6D /* tabbar_home.png */ = {isa = PBXFileReference; lastKnownFileType = image.png; path = tabbar_home.png; sourceTree = "<group>"; };
		CCFC5C8A1C53ACEF00993E6D /* tabbar_home@2x.png */ = {isa = PBXFileReference; lastKnownFileType = image.png; path = "tabbar_home@2x.png"; sourceTree = "<group>"; };
		CCFC5C8B1C53ACEF00993E6D /* tabbar_home_selected.png */ = {isa = PBXFileReference; lastKnownFileType = image.png; path = tabbar_home_selected.png; sourceTree = "<group>"; };
		CCFC5C8C1C53ACEF00993E6D /* tabbar_home_selected@2x.png */ = {isa = PBXFileReference; lastKnownFileType = image.png; path = "tabbar_home_selected@2x.png"; sourceTree = "<group>"; };
		CCFC5C8D1C53ACEF00993E6D /* tabbar_message_center.png */ = {isa = PBXFileReference; lastKnownFileType = image.png; path = tabbar_message_center.png; sourceTree = "<group>"; };
		CCFC5C8E1C53ACEF00993E6D /* tabbar_message_center@2x.png */ = {isa = PBXFileReference; lastKnownFileType = image.png; path = "tabbar_message_center@2x.png"; sourceTree = "<group>"; };
		CCFC5C8F1C53ACEF00993E6D /* tabbar_message_center_highlighted.png */ = {isa = PBXFileReference; lastKnownFileType = image.png; path = tabbar_message_center_highlighted.png; sourceTree = "<group>"; };
		CCFC5C901C53ACEF00993E6D /* tabbar_message_center_selected@2x.png */ = {isa = PBXFileReference; lastKnownFileType = image.png; path = "tabbar_message_center_selected@2x.png"; sourceTree = "<group>"; };
		CCFC5C911C53ACEF00993E6D /* tabbar_profile.png */ = {isa = PBXFileReference; lastKnownFileType = image.png; path = tabbar_profile.png; sourceTree = "<group>"; };
		CCFC5C921C53ACEF00993E6D /* tabbar_profile@2x.png */ = {isa = PBXFileReference; lastKnownFileType = image.png; path = "tabbar_profile@2x.png"; sourceTree = "<group>"; };
		CCFC5C931C53ACEF00993E6D /* tabbar_profile_selected.png */ = {isa = PBXFileReference; lastKnownFileType = image.png; path = tabbar_profile_selected.png; sourceTree = "<group>"; };
		CCFC5C941C53ACEF00993E6D /* tabbar_profile_selected@2x.png */ = {isa = PBXFileReference; lastKnownFileType = image.png; path = "tabbar_profile_selected@2x.png"; sourceTree = "<group>"; };
/* End PBXFileReference section */

/* Begin PBXFrameworksBuildPhase section */
		CCFC5C481C53A16300993E6D /* Frameworks */ = {
			isa = PBXFrameworksBuildPhase;
			buildActionMask = 2147483647;
			files = (
			);
			runOnlyForDeploymentPostprocessing = 0;
		};
		CCFC5C611C53A16300993E6D /* Frameworks */ = {
			isa = PBXFrameworksBuildPhase;
			buildActionMask = 2147483647;
			files = (
			);
			runOnlyForDeploymentPostprocessing = 0;
		};
		CCFC5C6C1C53A16300993E6D /* Frameworks */ = {
			isa = PBXFrameworksBuildPhase;
			buildActionMask = 2147483647;
			files = (
			);
			runOnlyForDeploymentPostprocessing = 0;
		};
/* End PBXFrameworksBuildPhase section */

/* Begin PBXGroup section */
		CC21C1831C75541D00F8368E /* other */ = {
			isa = PBXGroup;
			children = (
			);
			name = other;
			sourceTree = "<group>";
		};
		CC21C1841C75542500F8368E /* View */ = {
			isa = PBXGroup;
			children = (
				CC21C1851C75545700F8368E /* QYSearchBar.h */,
				CC21C1861C75545700F8368E /* QYSearchBar.m */,
				CC21C1D41C75C97200F8368E /* QYDropdownMenu.h */,
				CC21C1D51C75C97200F8368E /* QYDropdownMenu.m */,
				CC8BECFA1C76A79D0059AC1B /* QYTabBar.h */,
				CC8BECFB1C76A79D0059AC1B /* QYTabBar.m */,
			);
			name = View;
			sourceTree = "<group>";
		};
		CC3841121C74971C00C396F8 /* Category */ = {
			isa = PBXGroup;
			children = (
				CC63AA3A1C54B6DC00F839C1 /* UIView+Extension.h */,
				CC63AA3B1C54B6DC00F839C1 /* UIView+Extension.m */,
				CC3841141C7497D800C396F8 /* UIBarButtonItem+Extension.h */,
				CC3841151C7497D800C396F8 /* UIBarButtonItem+Extension.m */,
			);
			name = Category;
			sourceTree = "<group>";
		};
		CC52685A1C781333000285D8 /* NewFeature */ = {
			isa = PBXGroup;
			children = (
				CC52685B1C781346000285D8 /* controller */,
			);
			name = NewFeature;
			sourceTree = "<group>";
		};
		CC52685B1C781346000285D8 /* controller */ = {
			isa = PBXGroup;
			children = (
				CC52685C1C781370000285D8 /* QYNewFeatureViewController.h */,
				CC52685D1C781370000285D8 /* QYNewFeatureViewController.m */,
			);
			name = controller;
			sourceTree = "<group>";
		};
		CC6D64F21C54FBBC005D50B7 /* profile */ = {
			isa = PBXGroup;
			children = (
				CC63AA361C5495A500F839C1 /* QYSettingViewController.h */,
				CC63AA371C5495A500F839C1 /* QYSettingViewController.m */,
			);
			name = profile;
			sourceTree = "<group>";
		};
		CC6D64F31C54FBC9005D50B7 /* discover */ = {
			isa = PBXGroup;
			children = (
				CC63AA331C54953D00F839C1 /* QYFindViewController.h */,
				CC63AA341C54953D00F839C1 /* QYFindViewController.m */,
			);
			name = discover;
			sourceTree = "<group>";
		};
		CC6D64F41C54FBD3005D50B7 /* more */ = {
			isa = PBXGroup;
			children = (
				CC63AA301C54952F00F839C1 /* QYMoerViewController.h */,
				CC63AA311C54952F00F839C1 /* QYMoerViewController.m */,
			);
			name = more;
			sourceTree = "<group>";
		};
		CC6D64F51C54FBDA005D50B7 /* message */ = {
			isa = PBXGroup;
			children = (
				CC63AA2D1C54952200F839C1 /* QYMessageViewController.h */,
				CC63AA2E1C54952200F839C1 /* QYMessageViewController.m */,
			);
			name = message;
			sourceTree = "<group>";
		};
		CC6D64F61C54FBE2005D50B7 /* home */ = {
			isa = PBXGroup;
			children = (
				CCEF4A081C746CE7002F05A5 /* controller */,
				CCEF4A091C746CF6002F05A5 /* model */,
				CCEF4A0A1C746D00002F05A5 /* view */,
			);
			name = home;
			sourceTree = "<group>";
		};
		CC6D64F71C54FBFB005D50B7 /* main */ = {
			isa = PBXGroup;
			children = (
				CC9495BB1C79F635009FBBB9 /* lib */,
				CC21C1841C75542500F8368E /* View */,
				CC21C1831C75541D00F8368E /* other */,
				CC3841121C74971C00C396F8 /* Category */,
				CCFC5C511C53A16300993E6D /* AppDelegate.h */,
				CCFC5C521C53A16300993E6D /* AppDelegate.m */,
				CC63AA1B1C54930400F839C1 /* QYTabbarVIewController.h */,
				CC63AA1C1C54930400F839C1 /* QYTabbarVIewController.m */,
				CC63AA3D1C54C1E800F839C1 /* QYNavcontroller.h */,
				CC63AA3E1C54C1E800F839C1 /* QYNavcontroller.m */,
			);
			name = main;
			sourceTree = "<group>";
		};
		CC6D64F81C54FC03005D50B7 /* other */ = {
			isa = PBXGroup;
			children = (
			);
			name = other;
			sourceTree = "<group>";
		};
		CC6D64F91C54FC4E005D50B7 /* test */ = {
			isa = PBXGroup;
			children = (
				CC63AA401C54C32100F839C1 /* QYTese1ViewController.h */,
				CC63AA411C54C32100F839C1 /* QYTese1ViewController.m */,
				CC63AA451C54C48B00F839C1 /* QYTest2ViewController.h */,
				CC63AA461C54C48B00F839C1 /* QYTest2ViewController.m */,
				CC63AA471C54C48B00F839C1 /* QYTest2ViewController.xib */,
				CC63AA4A1C54C49A00F839C1 /* QYTest3ViewController.h */,
				CC63AA4B1C54C49A00F839C1 /* QYTest3ViewController.m */,
				CC63AA4C1C54C49A00F839C1 /* QYTest3ViewController.xib */,
				CC63AA421C54C32100F839C1 /* QYTese1ViewController.xib */,
				CC21C1D71C75FC3100F8368E /* QYTitleMenuViewController.h */,
				CC21C1D81C75FC3100F8368E /* QYTitleMenuViewController.m */,
			);
			name = test;
			sourceTree = "<group>";
		};
		CC9495B61C79EB51009FBBB9 /* OAuth(授权) */ = {
			isa = PBXGroup;
			children = (
				CC9495B71C79EB69009FBBB9 /* controller */,
			);
			name = "OAuth(授权)";
			sourceTree = "<group>";
		};
		CC9495B71C79EB69009FBBB9 /* controller */ = {
			isa = PBXGroup;
			children = (
				CC9495B81C79EB83009FBBB9 /* QYOAuthViewController.h */,
				CC9495B91C79EB83009FBBB9 /* QYOAuthViewController.m */,
			);
			name = controller;
			sourceTree = "<group>";
		};
		CC9495BB1C79F635009FBBB9 /* lib */ = {
			isa = PBXGroup;
			children = (
				CC9495C21C79FAE7009FBBB9 /* AFHTTPSessionManager.h */,
				CC9495C31C79FAE7009FBBB9 /* AFHTTPSessionManager.m */,
				CC9495C41C79FAE7009FBBB9 /* AFNetworking.h */,
				CC9495C51C79FAE7009FBBB9 /* AFNetworkReachabilityManager.h */,
				CC9495C61C79FAE7009FBBB9 /* AFNetworkReachabilityManager.m */,
				CC9495C71C79FAE7009FBBB9 /* AFSecurityPolicy.h */,
				CC9495C81C79FAE7009FBBB9 /* AFSecurityPolicy.m */,
				CC9495C91C79FAE7009FBBB9 /* AFURLRequestSerialization.h */,
				CC9495CA1C79FAE7009FBBB9 /* AFURLRequestSerialization.m */,
				CC9495CB1C79FAE7009FBBB9 /* AFURLResponseSerialization.h */,
				CC9495CC1C79FAE7009FBBB9 /* AFURLResponseSerialization.m */,
				CC9495CD1C79FAE7009FBBB9 /* AFURLSessionManager.h */,
				CC9495CE1C79FAE7009FBBB9 /* AFURLSessionManager.m */,
			);
			name = lib;
			sourceTree = "<group>";
		};
		CCEF4A081C746CE7002F05A5 /* controller */ = {
			isa = PBXGroup;
			children = (
				CC63AA2A1C54950B00F839C1 /* QYHomeViewController.h */,
				CC63AA2B1C54950B00F839C1 /* QYHomeViewController.m */,
			);
			name = controller;
			sourceTree = "<group>";
		};
		CCEF4A091C746CF6002F05A5 /* model */ = {
			isa = PBXGroup;
			children = (
			);
			name = model;
			sourceTree = "<group>";
		};
		CCEF4A0A1C746D00002F05A5 /* view */ = {
			isa = PBXGroup;
			children = (
			);
			name = view;
			sourceTree = "<group>";
		};
		CCFC5C421C53A16300993E6D = {
			isa = PBXGroup;
			children = (
				CCFC5C4D1C53A16300993E6D /* CopyWeibo */,
				CCFC5C671C53A16300993E6D /* CopyWeiboTests */,
				CCFC5C721C53A16300993E6D /* CopyWeiboUITests */,
				CCFC5C4C1C53A16300993E6D /* Products */,
			);
			sourceTree = "<group>";
		};
		CCFC5C4C1C53A16300993E6D /* Products */ = {
			isa = PBXGroup;
			children = (
				CCFC5C4B1C53A16300993E6D /* CopyWeibo.app */,
				CCFC5C641C53A16300993E6D /* CopyWeiboTests.xctest */,
				CCFC5C6F1C53A16300993E6D /* CopyWeiboUITests.xctest */,
			);
			name = Products;
			sourceTree = "<group>";
		};
		CCFC5C4D1C53A16300993E6D /* CopyWeibo */ = {
			isa = PBXGroup;
			children = (
				CC9495B61C79EB51009FBBB9 /* OAuth(授权) */,
				CC52685A1C781333000285D8 /* NewFeature */,
				CC6D64F91C54FC4E005D50B7 /* test */,
				CC6D64F81C54FC03005D50B7 /* other */,
				CC6D64F71C54FBFB005D50B7 /* main */,
				CC6D64F61C54FBE2005D50B7 /* home */,
				CC6D64F51C54FBDA005D50B7 /* message */,
				CC6D64F41C54FBD3005D50B7 /* more */,
				CC6D64F31C54FBC9005D50B7 /* discover */,
				CC6D64F21C54FBBC005D50B7 /* profile */,
				CCFC5C541C53A16300993E6D /* ViewController.h */,
				CCFC5C551C53A16300993E6D /* ViewController.m */,
				CCFC5C571C53A16300993E6D /* Main.storyboard */,
				CCFC5C5A1C53A16300993E6D /* Assets.xcassets */,
				CCFC5C5C1C53A16300993E6D /* LaunchScreen.storyboard */,
				CCFC5C5F1C53A16300993E6D /* Info.plist */,
				CCFC5C4E1C53A16300993E6D /* Supporting Files */,
				CCFC5C811C53A98700993E6D /* Common.h */,
				CC38410F1C7491D400C396F8 /* QYItemTool.h */,
				CC3841101C7491D400C396F8 /* QYItemTool.m */,
			);
			path = CopyWeibo;
			sourceTree = "<group>";
		};
		CCFC5C4E1C53A16300993E6D /* Supporting Files */ = {
			isa = PBXGroup;
			children = (
				CCFC5C821C53ACEF00993E6D /* tabbar */,
				CCFC5C4F1C53A16300993E6D /* main.m */,
				CC3841181C749B4E00C396F8 /* pchFile.pch */,
			);
			name = "Supporting Files";
			sourceTree = "<group>";
		};
		CCFC5C671C53A16300993E6D /* CopyWeiboTests */ = {
			isa = PBXGroup;
			children = (
				CCFC5C681C53A16300993E6D /* CopyWeiboTests.m */,
				CCFC5C6A1C53A16300993E6D /* Info.plist */,
			);
			path = CopyWeiboTests;
			sourceTree = "<group>";
		};
		CCFC5C721C53A16300993E6D /* CopyWeiboUITests */ = {
			isa = PBXGroup;
			children = (
				CCFC5C731C53A16300993E6D /* CopyWeiboUITests.m */,
				CCFC5C751C53A16300993E6D /* Info.plist */,
			);
			path = CopyWeiboUITests;
			sourceTree = "<group>";
		};
		CCFC5C821C53ACEF00993E6D /* tabbar */ = {
			isa = PBXGroup;
			children = (
				CCFC5C831C53ACEF00993E6D /* tabbar_compose_icon_add@2x.png */,
				CCFC5C841C53ACEF00993E6D /* tabbar_compose_icon_add@3x.png */,
				CCFC5C851C53ACEF00993E6D /* tabbar_discover.png */,
				CCFC5C861C53ACEF00993E6D /* tabbar_discover@2x.png */,
				CCFC5C871C53ACEF00993E6D /* tabbar_discover_selected.png */,
				CCFC5C881C53ACEF00993E6D /* tabbar_discover_selected@2x.png */,
				CCFC5C891C53ACEF00993E6D /* tabbar_home.png */,
				CCFC5C8A1C53ACEF00993E6D /* tabbar_home@2x.png */,
				CCFC5C8B1C53ACEF00993E6D /* tabbar_home_selected.png */,
				CCFC5C8C1C53ACEF00993E6D /* tabbar_home_selected@2x.png */,
				CCFC5C8D1C53ACEF00993E6D /* tabbar_message_center.png */,
				CCFC5C8E1C53ACEF00993E6D /* tabbar_message_center@2x.png */,
				CCFC5C8F1C53ACEF00993E6D /* tabbar_message_center_highlighted.png */,
				CCFC5C901C53ACEF00993E6D /* tabbar_message_center_selected@2x.png */,
				CCFC5C911C53ACEF00993E6D /* tabbar_profile.png */,
				CCFC5C921C53ACEF00993E6D /* tabbar_profile@2x.png */,
				CCFC5C931C53ACEF00993E6D /* tabbar_profile_selected.png */,
				CCFC5C941C53ACEF00993E6D /* tabbar_profile_selected@2x.png */,
			);
			path = tabbar;
			sourceTree = "<group>";
		};
/* End PBXGroup section */

/* Begin PBXNativeTarget section */
		CCFC5C4A1C53A16300993E6D /* CopyWeibo */ = {
			isa = PBXNativeTarget;
			buildConfigurationList = CCFC5C781C53A16300993E6D /* Build configuration list for PBXNativeTarget "CopyWeibo" */;
			buildPhases = (
				CCFC5C471C53A16300993E6D /* Sources */,
				CCFC5C481C53A16300993E6D /* Frameworks */,
				CCFC5C491C53A16300993E6D /* Resources */,
			);
			buildRules = (
			);
			dependencies = (
			);
			name = CopyWeibo;
			productName = CopyWeibo;
			productReference = CCFC5C4B1C53A16300993E6D /* CopyWeibo.app */;
			productType = "com.apple.product-type.application";
		};
		CCFC5C631C53A16300993E6D /* CopyWeiboTests */ = {
			isa = PBXNativeTarget;
			buildConfigurationList = CCFC5C7B1C53A16300993E6D /* Build configuration list for PBXNativeTarget "CopyWeiboTests" */;
			buildPhases = (
				CCFC5C601C53A16300993E6D /* Sources */,
				CCFC5C611C53A16300993E6D /* Frameworks */,
				CCFC5C621C53A16300993E6D /* Resources */,
			);
			buildRules = (
			);
			dependencies = (
				CCFC5C661C53A16300993E6D /* PBXTargetDependency */,
			);
			name = CopyWeiboTests;
			productName = CopyWeiboTests;
			productReference = CCFC5C641C53A16300993E6D /* CopyWeiboTests.xctest */;
			productType = "com.apple.product-type.bundle.unit-test";
		};
		CCFC5C6E1C53A16300993E6D /* CopyWeiboUITests */ = {
			isa = PBXNativeTarget;
			buildConfigurationList = CCFC5C7E1C53A16300993E6D /* Build configuration list for PBXNativeTarget "CopyWeiboUITests" */;
			buildPhases = (
				CCFC5C6B1C53A16300993E6D /* Sources */,
				CCFC5C6C1C53A16300993E6D /* Frameworks */,
				CCFC5C6D1C53A16300993E6D /* Resources */,
			);
			buildRules = (
			);
			dependencies = (
				CCFC5C711C53A16300993E6D /* PBXTargetDependency */,
			);
			name = CopyWeiboUITests;
			productName = CopyWeiboUITests;
			productReference = CCFC5C6F1C53A16300993E6D /* CopyWeiboUITests.xctest */;
			productType = "com.apple.product-type.bundle.ui-testing";
		};
/* End PBXNativeTarget section */

/* Begin PBXProject section */
		CCFC5C431C53A16300993E6D /* Project object */ = {
			isa = PBXProject;
			attributes = {
				LastUpgradeCheck = 0720;
				ORGANIZATIONNAME = "河南青云信息技术有限公司";
				TargetAttributes = {
					CCFC5C4A1C53A16300993E6D = {
						CreatedOnToolsVersion = 7.2;
						DevelopmentTeam = LSRRXAH5MP;
					};
					CCFC5C631C53A16300993E6D = {
						CreatedOnToolsVersion = 7.2;
						TestTargetID = CCFC5C4A1C53A16300993E6D;
					};
					CCFC5C6E1C53A16300993E6D = {
						CreatedOnToolsVersion = 7.2;
						TestTargetID = CCFC5C4A1C53A16300993E6D;
					};
				};
			};
			buildConfigurationList = CCFC5C461C53A16300993E6D /* Build configuration list for PBXProject "CopyWeibo" */;
			compatibilityVersion = "Xcode 3.2";
			developmentRegion = English;
			hasScannedForEncodings = 0;
			knownRegions = (
				en,
				Base,
			);
			mainGroup = CCFC5C421C53A16300993E6D;
			productRefGroup = CCFC5C4C1C53A16300993E6D /* Products */;
			projectDirPath = "";
			projectRoot = "";
			targets = (
				CCFC5C4A1C53A16300993E6D /* CopyWeibo */,
				CCFC5C631C53A16300993E6D /* CopyWeiboTests */,
				CCFC5C6E1C53A16300993E6D /* CopyWeiboUITests */,
			);
		};
/* End PBXProject section */

/* Begin PBXResourcesBuildPhase section */
		CCFC5C491C53A16300993E6D /* Resources */ = {
			isa = PBXResourcesBuildPhase;
			buildActionMask = 2147483647;
			files = (
				CCFC5CA61C53ACEF00993E6D /* tabbar_profile_selected@2x.png in Resources */,
				CCFC5CA01C53ACEF00993E6D /* tabbar_message_center@2x.png in Resources */,
				CCFC5C9A1C53ACEF00993E6D /* tabbar_discover_selected@2x.png in Resources */,
				CC63AA441C54C32100F839C1 /* QYTese1ViewController.xib in Resources */,
				CCFC5C971C53ACEF00993E6D /* tabbar_discover.png in Resources */,
				CCFC5C991C53ACEF00993E6D /* tabbar_discover_selected.png in Resources */,
				CCFC5C9D1C53ACEF00993E6D /* tabbar_home_selected.png in Resources */,
				CCFC5C951C53ACEF00993E6D /* tabbar_compose_icon_add@2x.png in Resources */,
				CCFC5CA51C53ACEF00993E6D /* tabbar_profile_selected.png in Resources */,
				CCFC5C9E1C53ACEF00993E6D /* tabbar_home_selected@2x.png in Resources */,
				CCFC5CA41C53ACEF00993E6D /* tabbar_profile@2x.png in Resources */,
				CCFC5C9F1C53ACEF00993E6D /* tabbar_message_center.png in Resources */,
				CCFC5CA11C53ACEF00993E6D /* tabbar_message_center_highlighted.png in Resources */,
				CCFC5C5E1C53A16300993E6D /* LaunchScreen.storyboard in Resources */,
				CCFC5CA21C53ACEF00993E6D /* tabbar_message_center_selected@2x.png in Resources */,
				CCFC5C961C53ACEF00993E6D /* tabbar_compose_icon_add@3x.png in Resources */,
				CCFC5C9B1C53ACEF00993E6D /* tabbar_home.png in Resources */,
				CCFC5C9C1C53ACEF00993E6D /* tabbar_home@2x.png in Resources */,
				CCFC5C981C53ACEF00993E6D /* tabbar_discover@2x.png in Resources */,
				CCFC5CA31C53ACEF00993E6D /* tabbar_profile.png in Resources */,
				CCFC5C5B1C53A16300993E6D /* Assets.xcassets in Resources */,
				CCFC5C591C53A16300993E6D /* Main.storyboard in Resources */,
				CC63AA4E1C54C49A00F839C1 /* QYTest3ViewController.xib in Resources */,
				CC63AA491C54C48B00F839C1 /* QYTest2ViewController.xib in Resources */,
			);
			runOnlyForDeploymentPostprocessing = 0;
		};
		CCFC5C621C53A16300993E6D /* Resources */ = {
			isa = PBXResourcesBuildPhase;
			buildActionMask = 2147483647;
			files = (
			);
			runOnlyForDeploymentPostprocessing = 0;
		};
		CCFC5C6D1C53A16300993E6D /* Resources */ = {
			isa = PBXResourcesBuildPhase;
			buildActionMask = 2147483647;
			files = (
			);
			runOnlyForDeploymentPostprocessing = 0;
		};
/* End PBXResourcesBuildPhase section */

/* Begin PBXSourcesBuildPhase section */
		CCFC5C471C53A16300993E6D /* Sources */ = {
			isa = PBXSourcesBuildPhase;
			buildActionMask = 2147483647;
			files = (
				CC3841111C7491D400C396F8 /* QYItemTool.m in Sources */,
				CC52685E1C781370000285D8 /* QYNewFeatureViewController.m in Sources */,
				CC9495BA1C79EB83009FBBB9 /* QYOAuthViewController.m in Sources */,
				CC63AA3C1C54B6DC00F839C1 /* UIView+Extension.m in Sources */,
				CC63AA431C54C32100F839C1 /* QYTese1ViewController.m in Sources */,
				CC21C1871C75545700F8368E /* QYSearchBar.m in Sources */,
				CC9495D11C79FAE7009FBBB9 /* AFSecurityPolicy.m in Sources */,
				CC63AA321C54952F00F839C1 /* QYMoerViewController.m in Sources */,
				CC63AA3F1C54C1E800F839C1 /* QYNavcontroller.m in Sources */,
				CC63AA2F1C54952200F839C1 /* QYMessageViewController.m in Sources */,
				CCFC5C561C53A16300993E6D /* ViewController.m in Sources */,
				CC63AA481C54C48B00F839C1 /* QYTest2ViewController.m in Sources */,
				CC63AA351C54953D00F839C1 /* QYFindViewController.m in Sources */,
				CC63AA4D1C54C49A00F839C1 /* QYTest3ViewController.m in Sources */,
				CC9495CF1C79FAE7009FBBB9 /* AFHTTPSessionManager.m in Sources */,
				CC8BECFC1C76A79D0059AC1B /* QYTabBar.m in Sources */,
				CCFC5C531C53A16300993E6D /* AppDelegate.m in Sources */,
				CC9495D41C79FAE7009FBBB9 /* AFURLSessionManager.m in Sources */,
				CC63AA2C1C54950B00F839C1 /* QYHomeViewController.m in Sources */,
				CC3841161C7497D800C396F8 /* UIBarButtonItem+Extension.m in Sources */,
				CC9495D31C79FAE7009FBBB9 /* AFURLResponseSerialization.m in Sources */,
				CC9495D21C79FAE7009FBBB9 /* AFURLRequestSerialization.m in Sources */,
				CCFC5C501C53A16300993E6D /* main.m in Sources */,
				CC63AA381C5495A500F839C1 /* QYSettingViewController.m in Sources */,
				CC21C1D91C75FC3100F8368E /* QYTitleMenuViewController.m in Sources */,
				CC63AA1D1C54930400F839C1 /* QYTabbarVIewController.m in Sources */,
				CC9495D01C79FAE7009FBBB9 /* AFNetworkReachabilityManager.m in Sources */,
				CC21C1D61C75C97200F8368E /* QYDropdownMenu.m in Sources */,
			);
			runOnlyForDeploymentPostprocessing = 0;
		};
		CCFC5C601C53A16300993E6D /* Sources */ = {
			isa = PBXSourcesBuildPhase;
			buildActionMask = 2147483647;
			files = (
				CCFC5C691C53A16300993E6D /* CopyWeiboTests.m in Sources */,
			);
			runOnlyForDeploymentPostprocessing = 0;
		};
		CCFC5C6B1C53A16300993E6D /* Sources */ = {
			isa = PBXSourcesBuildPhase;
			buildActionMask = 2147483647;
			files = (
				CCFC5C741C53A16300993E6D /* CopyWeiboUITests.m in Sources */,
			);
			runOnlyForDeploymentPostprocessing = 0;
		};
/* End PBXSourcesBuildPhase section */

/* Begin PBXTargetDependency section */
		CCFC5C661C53A16300993E6D /* PBXTargetDependency */ = {
			isa = PBXTargetDependency;
			target = CCFC5C4A1C53A16300993E6D /* CopyWeibo */;
			targetProxy = CCFC5C651C53A16300993E6D /* PBXContainerItemProxy */;
		};
		CCFC5C711C53A16300993E6D /* PBXTargetDependency */ = {
			isa = PBXTargetDependency;
			target = CCFC5C4A1C53A16300993E6D /* CopyWeibo */;
			targetProxy = CCFC5C701C53A16300993E6D /* PBXContainerItemProxy */;
		};
/* End PBXTargetDependency section */

/* Begin PBXVariantGroup section */
		CCFC5C571C53A16300993E6D /* Main.storyboard */ = {
			isa = PBXVariantGroup;
			children = (
				CCFC5C581C53A16300993E6D /* Base */,
			);
			name = Main.storyboard;
			sourceTree = "<group>";
		};
		CCFC5C5C1C53A16300993E6D /* LaunchScreen.storyboard */ = {
			isa = PBXVariantGroup;
			children = (
				CCFC5C5D1C53A16300993E6D /* Base */,
			);
			name = LaunchScreen.storyboard;
			sourceTree = "<group>";
		};
/* End PBXVariantGroup section */

/* Begin XCBuildConfiguration section */
		CCFC5C761C53A16300993E6D /* Debug */ = {
			isa = XCBuildConfiguration;
			buildSettings = {
				ALWAYS_SEARCH_USER_PATHS = NO;
				CLANG_CXX_LANGUAGE_STANDARD = "gnu++0x";
				CLANG_CXX_LIBRARY = "libc++";
				CLANG_ENABLE_MODULES = YES;
				CLANG_ENABLE_OBJC_ARC = YES;
				CLANG_WARN_BOOL_CONVERSION = YES;
				CLANG_WARN_CONSTANT_CONVERSION = YES;
				CLANG_WARN_DIRECT_OBJC_ISA_USAGE = YES_ERROR;
				CLANG_WARN_EMPTY_BODY = YES;
				CLANG_WARN_ENUM_CONVERSION = YES;
				CLANG_WARN_INT_CONVERSION = YES;
				CLANG_WARN_OBJC_ROOT_CLASS = YES_ERROR;
				CLANG_WARN_UNREACHABLE_CODE = YES;
				CLANG_WARN__DUPLICATE_METHOD_MATCH = YES;
				"CODE_SIGN_IDENTITY[sdk=iphoneos*]" = "iPhone Developer";
				COPY_PHASE_STRIP = NO;
				DEBUG_INFORMATION_FORMAT = dwarf;
				ENABLE_STRICT_OBJC_MSGSEND = YES;
				ENABLE_TESTABILITY = YES;
				GCC_C_LANGUAGE_STANDARD = gnu99;
				GCC_DYNAMIC_NO_PIC = NO;
				GCC_NO_COMMON_BLOCKS = YES;
				GCC_OPTIMIZATION_LEVEL = 0;
				GCC_PREPROCESSOR_DEFINITIONS = (
					"DEBUG=1",
					"$(inherited)",
				);
				GCC_WARN_64_TO_32_BIT_CONVERSION = YES;
				GCC_WARN_ABOUT_RETURN_TYPE = YES_ERROR;
				GCC_WARN_UNDECLARED_SELECTOR = YES;
				GCC_WARN_UNINITIALIZED_AUTOS = YES_AGGRESSIVE;
				GCC_WARN_UNUSED_FUNCTION = YES;
				GCC_WARN_UNUSED_VARIABLE = YES;
				IPHONEOS_DEPLOYMENT_TARGET = 9.2;
				MTL_ENABLE_DEBUG_INFO = YES;
				ONLY_ACTIVE_ARCH = YES;
				SDKROOT = iphoneos;
			};
			name = Debug;
		};
		CCFC5C771C53A16300993E6D /* Release */ = {
			isa = XCBuildConfiguration;
			buildSettings = {
				ALWAYS_SEARCH_USER_PATHS = NO;
				CLANG_CXX_LANGUAGE_STANDARD = "gnu++0x";
				CLANG_CXX_LIBRARY = "libc++";
				CLANG_ENABLE_MODULES = YES;
				CLANG_ENABLE_OBJC_ARC = YES;
				CLANG_WARN_BOOL_CONVERSION = YES;
				CLANG_WARN_CONSTANT_CONVERSION = YES;
				CLANG_WARN_DIRECT_OBJC_ISA_USAGE = YES_ERROR;
				CLANG_WARN_EMPTY_BODY = YES;
				CLANG_WARN_ENUM_CONVERSION = YES;
				CLANG_WARN_INT_CONVERSION = YES;
				CLANG_WARN_OBJC_ROOT_CLASS = YES_ERROR;
				CLANG_WARN_UNREACHABLE_CODE = YES;
				CLANG_WARN__DUPLICATE_METHOD_MATCH = YES;
				"CODE_SIGN_IDENTITY[sdk=iphoneos*]" = "iPhone Developer";
				COPY_PHASE_STRIP = NO;
				DEBUG_INFORMATION_FORMAT = "dwarf-with-dsym";
				ENABLE_NS_ASSERTIONS = NO;
				ENABLE_STRICT_OBJC_MSGSEND = YES;
				GCC_C_LANGUAGE_STANDARD = gnu99;
				GCC_NO_COMMON_BLOCKS = YES;
				GCC_WARN_64_TO_32_BIT_CONVERSION = YES;
				GCC_WARN_ABOUT_RETURN_TYPE = YES_ERROR;
				GCC_WARN_UNDECLARED_SELECTOR = YES;
				GCC_WARN_UNINITIALIZED_AUTOS = YES_AGGRESSIVE;
				GCC_WARN_UNUSED_FUNCTION = YES;
				GCC_WARN_UNUSED_VARIABLE = YES;
				IPHONEOS_DEPLOYMENT_TARGET = 9.2;
				MTL_ENABLE_DEBUG_INFO = NO;
				SDKROOT = iphoneos;
				VALIDATE_PRODUCT = YES;
			};
			name = Release;
		};
		CCFC5C791C53A16300993E6D /* Debug */ = {
			isa = XCBuildConfiguration;
			buildSettings = {
				ASSETCATALOG_COMPILER_APPICON_NAME = AppIcon;
				CODE_SIGN_IDENTITY = "iPhone Developer";
				"CODE_SIGN_IDENTITY[sdk=iphoneos*]" = "iPhone Developer";
				GCC_PRECOMPILE_PREFIX_HEADER = YES;
				GCC_PREFIX_HEADER = "/Users/qingyun/Desktop/项目&总结/LikeFacebook/CopyWeibo/CopyWeibo/pchFile.pch";
				INFOPLIST_FILE = CopyWeibo/Info.plist;
				LD_RUNPATH_SEARCH_PATHS = "$(inherited) @executable_path/Frameworks";
				PRODUCT_BUNDLE_IDENTIFIER = com.hnqingyun.push001;
				PRODUCT_NAME = "$(TARGET_NAME)";
				PROVISIONING_PROFILE = "";
			};
			name = Debug;
		};
		CCFC5C7A1C53A16300993E6D /* Release */ = {
			isa = XCBuildConfiguration;
			buildSettings = {
				ASSETCATALOG_COMPILER_APPICON_NAME = AppIcon;
				CODE_SIGN_IDENTITY = "iPhone Developer";
				"CODE_SIGN_IDENTITY[sdk=iphoneos*]" = "iPhone Developer";
				GCC_PRECOMPILE_PREFIX_HEADER = YES;
				GCC_PREFIX_HEADER = "/Users/qingyun/Desktop/项目&总结/LikeFacebook/CopyWeibo/CopyWeibo/pchFile.pch";
				INFOPLIST_FILE = CopyWeibo/Info.plist;
				LD_RUNPATH_SEARCH_PATHS = "$(inherited) @executable_path/Frameworks";
				PRODUCT_BUNDLE_IDENTIFIER = com.hnqingyun.push001;
				PRODUCT_NAME = "$(TARGET_NAME)";
				PROVISIONING_PROFILE = "";
			};
			name = Release;
		};
		CCFC5C7C1C53A16300993E6D /* Debug */ = {
			isa = XCBuildConfiguration;
			buildSettings = {
				BUNDLE_LOADER = "$(TEST_HOST)";
				INFOPLIST_FILE = CopyWeiboTests/Info.plist;
				LD_RUNPATH_SEARCH_PATHS = "$(inherited) @executable_path/Frameworks @loader_path/Frameworks";
				PRODUCT_BUNDLE_IDENTIFIER = com.hnqingyun.CopyWeiboTests;
				PRODUCT_NAME = "$(TARGET_NAME)";
				TEST_HOST = "$(BUILT_PRODUCTS_DIR)/CopyWeibo.app/CopyWeibo";
			};
			name = Debug;
		};
		CCFC5C7D1C53A16300993E6D /* Release */ = {
			isa = XCBuildConfiguration;
			buildSettings = {
				BUNDLE_LOADER = "$(TEST_HOST)";
				INFOPLIST_FILE = CopyWeiboTests/Info.plist;
				LD_RUNPATH_SEARCH_PATHS = "$(inherited) @executable_path/Frameworks @loader_path/Frameworks";
				PRODUCT_BUNDLE_IDENTIFIER = com.hnqingyun.CopyWeiboTests;
				PRODUCT_NAME = "$(TARGET_NAME)";
				TEST_HOST = "$(BUILT_PRODUCTS_DIR)/CopyWeibo.app/CopyWeibo";
			};
			name = Release;
		};
		CCFC5C7F1C53A16300993E6D /* Debug */ = {
			isa = XCBuildConfiguration;
			buildSettings = {
				INFOPLIST_FILE = CopyWeiboUITests/Info.plist;
				LD_RUNPATH_SEARCH_PATHS = "$(inherited) @executable_path/Frameworks @loader_path/Frameworks";
				PRODUCT_BUNDLE_IDENTIFIER = com.hnqingyun.CopyWeiboUITests;
				PRODUCT_NAME = "$(TARGET_NAME)";
				TEST_TARGET_NAME = CopyWeibo;
				USES_XCTRUNNER = YES;
			};
			name = Debug;
		};
		CCFC5C801C53A16300993E6D /* Release */ = {
			isa = XCBuildConfiguration;
			buildSettings = {
				INFOPLIST_FILE = CopyWeiboUITests/Info.plist;
				LD_RUNPATH_SEARCH_PATHS = "$(inherited) @executable_path/Frameworks @loader_path/Frameworks";
				PRODUCT_BUNDLE_IDENTIFIER = com.hnqingyun.CopyWeiboUITests;
				PRODUCT_NAME = "$(TARGET_NAME)";
				TEST_TARGET_NAME = CopyWeibo;
				USES_XCTRUNNER = YES;
			};
			name = Release;
		};
/* End XCBuildConfiguration section */

/* Begin XCConfigurationList section */
		CCFC5C461C53A16300993E6D /* Build configuration list for PBXProject "CopyWeibo" */ = {
			isa = XCConfigurationList;
			buildConfigurations = (
				CCFC5C761C53A16300993E6D /* Debug */,
				CCFC5C771C53A16300993E6D /* Release */,
			);
			defaultConfigurationIsVisible = 0;
			defaultConfigurationName = Release;
		};
		CCFC5C781C53A16300993E6D /* Build configuration list for PBXNativeTarget "CopyWeibo" */ = {
			isa = XCConfigurationList;
			buildConfigurations = (
				CCFC5C791C53A16300993E6D /* Debug */,
				CCFC5C7A1C53A16300993E6D /* Release */,
			);
			defaultConfigurationIsVisible = 0;
			defaultConfigurationName = Release;
		};
		CCFC5C7B1C53A16300993E6D /* Build configuration list for PBXNativeTarget "CopyWeiboTests" */ = {
			isa = XCConfigurationList;
			buildConfigurations = (
				CCFC5C7C1C53A16300993E6D /* Debug */,
				CCFC5C7D1C53A16300993E6D /* Release */,
			);
			defaultConfigurationIsVisible = 0;
			defaultConfigurationName = Release;
		};
		CCFC5C7E1C53A16300993E6D /* Build configuration list for PBXNativeTarget "CopyWeiboUITests" */ = {
			isa = XCConfigurationList;
			buildConfigurations = (
				CCFC5C7F1C53A16300993E6D /* Debug */,
				CCFC5C801C53A16300993E6D /* Release */,
			);
			defaultConfigurationIsVisible = 0;
			defaultConfigurationName = Release;
		};
/* End XCConfigurationList section */
	};
	rootObject = CCFC5C431C53A16300993E6D /* Project object */;
}
